
Microsoft Visual Studio Solution File, Format Version 12.00
# Visual Studio Version 16
VisualStudioVersion = 16.0.31702.278
MinimumVisualStudioVersion = 10.0.40219.1
Project("{8BC9CEB8-8B4A-11D0-8D11-00A0C91BC942}") = "23.11", "23.11\23.11.vcxproj", "{B3F1C5A8-D85F-40D2-84DF-255D2C001B06}"
EndProject
Global
	GlobalSection(SolutionConfigurationPlatforms) = preSolution
		Debug|x64 = Debug|x64
		Debug|x86 = Debug|x86
		Release|x64 = Release|x64
		Release|x86 = Release|x86
	EndGlobalSection
	GlobalSection(ProjectConfigurationPlatforms) = postSolution
		{B3F1C5A8-D85F-40D2-84DF-255D2C001B06}.Debug|x64.ActiveCfg = Debug|x64
		{B3F1C5A8-D85F-40D2-84DF-255D2C001B06}.Debug|x64.Build.0 = Debug|x64
		{B3F1C5A8-D85F-40D2-84DF-255D2C001B06}.Debug|x86.ActiveCfg = Debug|Win32
		{B3F1C5A8-D85F-40D2-84DF-255D2C001B06}.Debug|x86.Build.0 = Debug|Win32
		{B3F1C5A8-D85F-40D2-84DF-255D2C001B06}.Release|x64.ActiveCfg = Release|x64
		{B3F1C5A8-D85F-40D2-84DF-255D2C001B06}.Release|x64.Build.0 = Release|x64
		{B3F1C5A8-D85F-40D2-84DF-255D2C001B06}.Release|x86.ActiveCfg = Release|Win32
		{B3F1C5A8-D85F-40D2-84DF-255D2C001B06}.Release|x86.Build.0 = Release|Win32
	EndGlobalSection
	GlobalSection(SolutionProperties) = preSolution
		HideSolutionNode = FALSE
	EndGlobalSection
	GlobalSection(ExtensibilityGlobals) = postSolution
		SolutionGuid = {FA9FF2A5-DAFE-4D34-9EDE-0E26D9530701}
	EndGlobalSection
EndGlobal
